PODS:
  - connectivity_plus (0.0.1):
    - Flutter
    - FlutterMacOS
    - ReachabilitySwift
  - Flutter (1.0.0)
  - flutter_secure_storage (6.0.0):
    - Flutter
  - integration_test (0.0.1):
    - Flutter
  - path_provider_foundation (0.0.1):
    - Flutter
    - FlutterMacOS
  - ReachabilitySwift (5.2.3)
  - shared_preferences_foundation (0.0.1):
    - Flutter
    - FlutterMacOS
  - SQLCipher (4.5.7):
    - SQLCipher/standard (= 4.5.7)
  - SQLCipher/common (4.5.7)
  - SQLCipher/standard (4.5.7):
    - SQLCipher/common
  - sqlcipher_flutter_libs (0.0.1):
    - Flutter
    - SQLCipher (~> 4.5.6)
  - uni_links (0.0.1):
    - Flutter

DEPENDENCIES:
  - connectivity_plus (from `.symlinks/plugins/connectivity_plus/darwin`)
  - Flutter (from `Flutter`)
  - flutter_secure_storage (from `.symlinks/plugins/flutter_secure_storage/ios`)
  - integration_test (from `.symlinks/plugins/integration_test/ios`)
  - path_provider_foundation (from `.symlinks/plugins/path_provider_foundation/darwin`)
  - shared_preferences_foundation (from `.symlinks/plugins/shared_preferences_foundation/darwin`)
  - sqlcipher_flutter_libs (from `.symlinks/plugins/sqlcipher_flutter_libs/ios`)
  - uni_links (from `.symlinks/plugins/uni_links/ios`)

SPEC REPOS:
  trunk:
    - ReachabilitySwift
    - SQLCipher

EXTERNAL SOURCES:
  connectivity_plus:
    :path: ".symlinks/plugins/connectivity_plus/darwin"
  Flutter:
    :path: Flutter
  flutter_secure_storage:
    :path: ".symlinks/plugins/flutter_secure_storage/ios"
  integration_test:
    :path: ".symlinks/plugins/integration_test/ios"
  path_provider_foundation:
    :path: ".symlinks/plugins/path_provider_foundation/darwin"
  shared_preferences_foundation:
    :path: ".symlinks/plugins/shared_preferences_foundation/darwin"
  sqlcipher_flutter_libs:
    :path: ".symlinks/plugins/sqlcipher_flutter_libs/ios"
  uni_links:
    :path: ".symlinks/plugins/uni_links/ios"

SPEC CHECKSUMS:
  connectivity_plus: e2dad488011aeb593e219360e804c43cc1af5770
  Flutter: e0871f40cf51350855a761d2e70bf5af5b9b5de7
  flutter_secure_storage: 23fc622d89d073675f2eaa109381aefbcf5a49be
  integration_test: 252f60fa39af5e17c3aa9899d35d908a0721b573
  path_provider_foundation: 3784922295ac71e43754bd15e0653ccfd36a147c
  ReachabilitySwift: 7f151ff156cea1481a8411701195ac6a984f4979
  shared_preferences_foundation: b4c3b4cddf1c21f02770737f147a3f5da9d39695
  SQLCipher: 5e6bfb47323635c8b657b1b27d25c5f1baf63bf5
  sqlcipher_flutter_libs: 64f305b25fa6d6c0d40273fe98f9035d650df19e
  uni_links: d97da20c7701486ba192624d99bffaaffcfc298a

PODFILE CHECKSUM: 3765b805c03121794c6d132546df9366f592bc4d

COCOAPODS: 1.15.2
