PODS:
  - add_2_calendar (0.0.1):
    - Flutter
  - Flutter (1.0.0)
  - flutter_secure_storage (6.0.0):
    - Flutter
  - manage_calendar_events (0.0.1):
    - Flutter
  - path_provider_foundation (0.0.1):
    - Flutter
    - FlutterMacOS
  - permission_handler_apple (9.3.0):
    - Flutter
  - shared_preferences_foundation (0.0.1):
    - Flutter
    - FlutterMacOS
  - SQLCipher (4.5.6):
    - SQLCipher/standard (= 4.5.6)
  - SQLCipher/common (4.5.6)
  - SQLCipher/standard (4.5.6):
    - SQLCipher/common
  - sqlcipher_flutter_libs (0.0.1):
    - Flutter
    - SQLCipher (~> 4.5.6)
  - uni_links (0.0.1):
    - Flutter

DEPENDENCIES:
  - add_2_calendar (from `.symlinks/plugins/add_2_calendar/ios`)
  - Flutter (from `Flutter`)
  - flutter_secure_storage (from `.symlinks/plugins/flutter_secure_storage/ios`)
  - manage_calendar_events (from `.symlinks/plugins/manage_calendar_events/ios`)
  - path_provider_foundation (from `.symlinks/plugins/path_provider_foundation/darwin`)
  - permission_handler_apple (from `.symlinks/plugins/permission_handler_apple/ios`)
  - shared_preferences_foundation (from `.symlinks/plugins/shared_preferences_foundation/darwin`)
  - sqlcipher_flutter_libs (from `.symlinks/plugins/sqlcipher_flutter_libs/ios`)
  - uni_links (from `.symlinks/plugins/uni_links/ios`)

SPEC REPOS:
  trunk:
    - SQLCipher

EXTERNAL SOURCES:
  add_2_calendar:
    :path: ".symlinks/plugins/add_2_calendar/ios"
  Flutter:
    :path: Flutter
  flutter_secure_storage:
    :path: ".symlinks/plugins/flutter_secure_storage/ios"
  manage_calendar_events:
    :path: ".symlinks/plugins/manage_calendar_events/ios"
  path_provider_foundation:
    :path: ".symlinks/plugins/path_provider_foundation/darwin"
  permission_handler_apple:
    :path: ".symlinks/plugins/permission_handler_apple/ios"
  shared_preferences_foundation:
    :path: ".symlinks/plugins/shared_preferences_foundation/darwin"
  sqlcipher_flutter_libs:
    :path: ".symlinks/plugins/sqlcipher_flutter_libs/ios"
  uni_links:
    :path: ".symlinks/plugins/uni_links/ios"

SPEC CHECKSUMS:
  add_2_calendar: 5eee66d5a3b99cd5e1487a7e03abd4e3ac4aff11
  Flutter: e0871f40cf51350855a761d2e70bf5af5b9b5de7
  flutter_secure_storage: 23fc622d89d073675f2eaa109381aefbcf5a49be
  manage_calendar_events: 0338d505ea26cdfd20cd883279bc28afa11eca34
  path_provider_foundation: 3784922295ac71e43754bd15e0653ccfd36a147c
  permission_handler_apple: 9878588469a2b0d0fc1e048d9f43605f92e6cec2
  shared_preferences_foundation: 5b919d13b803cadd15ed2dc053125c68730e5126
  SQLCipher: 838309284f29953a28ad2e81d87d55ea6b7c74fd
  sqlcipher_flutter_libs: 64f305b25fa6d6c0d40273fe98f9035d650df19e
  uni_links: d97da20c7701486ba192624d99bffaaffcfc298a

PODFILE CHECKSUM: 3765b805c03121794c6d132546df9366f592bc4d

COCOAPODS: 1.14.2
